
Microsoft Visual Studio Solution File, Format Version 12.00
# Visual Studio 15
VisualStudioVersion = 15.0.27428.2011
MinimumVisualStudioVersion = 10.0.40219.1
Project("{B1E792BE-AA5F-4E3C-8C82-674BF9C0715B}") = "SFC_PROGRAM", "SFC_PROGRAM\SFC_PROGRAM.tsproj", "{85880FD9-8B22-4228-9D7A-7937F479DC04}"
EndProject
Global
	GlobalSection(SolutionConfigurationPlatforms) = preSolution
		Debug|TwinCAT CE7 (ARMV7) = Debug|TwinCAT CE7 (ARMV7)
		Debug|TwinCAT OS (ARMT2) = Debug|TwinCAT OS (ARMT2)
		Debug|TwinCAT RT (x64) = Debug|TwinCAT RT (x64)
		Debug|TwinCAT RT (x86) = Debug|TwinCAT RT (x86)
		Release|TwinCAT CE7 (ARMV7) = Release|TwinCAT CE7 (ARMV7)
		Release|TwinCAT OS (ARMT2) = Release|TwinCAT OS (ARMT2)
		Release|TwinCAT RT (x64) = Release|TwinCAT RT (x64)
		Release|TwinCAT RT (x86) = Release|TwinCAT RT (x86)
	EndGlobalSection
	GlobalSection(ProjectConfigurationPlatforms) = postSolution
		{85880FD9-8B22-4228-9D7A-7937F479DC04}.Debug|TwinCAT CE7 (ARMV7).ActiveCfg = Debug|TwinCAT CE7 (ARMV7)
		{85880FD9-8B22-4228-9D7A-7937F479DC04}.Debug|TwinCAT CE7 (ARMV7).Build.0 = Debug|TwinCAT CE7 (ARMV7)
		{85880FD9-8B22-4228-9D7A-7937F479DC04}.Debug|TwinCAT OS (ARMT2).ActiveCfg = Debug|TwinCAT OS (ARMT2)
		{85880FD9-8B22-4228-9D7A-7937F479DC04}.Debug|TwinCAT OS (ARMT2).Build.0 = Debug|TwinCAT OS (ARMT2)
		{85880FD9-8B22-4228-9D7A-7937F479DC04}.Debug|TwinCAT RT (x64).ActiveCfg = Debug|TwinCAT RT (x64)
		{85880FD9-8B22-4228-9D7A-7937F479DC04}.Debug|TwinCAT RT (x64).Build.0 = Debug|TwinCAT RT (x64)
		{85880FD9-8B22-4228-9D7A-7937F479DC04}.Debug|TwinCAT RT (x86).ActiveCfg = Debug|TwinCAT RT (x86)
		{85880FD9-8B22-4228-9D7A-7937F479DC04}.Debug|TwinCAT RT (x86).Build.0 = Debug|TwinCAT RT (x86)
		{85880FD9-8B22-4228-9D7A-7937F479DC04}.Release|TwinCAT CE7 (ARMV7).ActiveCfg = Release|TwinCAT CE7 (ARMV7)
		{85880FD9-8B22-4228-9D7A-7937F479DC04}.Release|TwinCAT CE7 (ARMV7).Build.0 = Release|TwinCAT CE7 (ARMV7)
		{85880FD9-8B22-4228-9D7A-7937F479DC04}.Release|TwinCAT OS (ARMT2).ActiveCfg = Release|TwinCAT OS (ARMT2)
		{85880FD9-8B22-4228-9D7A-7937F479DC04}.Release|TwinCAT OS (ARMT2).Build.0 = Release|TwinCAT OS (ARMT2)
		{85880FD9-8B22-4228-9D7A-7937F479DC04}.Release|TwinCAT RT (x64).ActiveCfg = Release|TwinCAT RT (x64)
		{85880FD9-8B22-4228-9D7A-7937F479DC04}.Release|TwinCAT RT (x64).Build.0 = Release|TwinCAT RT (x64)
		{85880FD9-8B22-4228-9D7A-7937F479DC04}.Release|TwinCAT RT (x86).ActiveCfg = Release|TwinCAT RT (x86)
		{85880FD9-8B22-4228-9D7A-7937F479DC04}.Release|TwinCAT RT (x86).Build.0 = Release|TwinCAT RT (x86)
		{349B1F2D-88AC-438B-8EAB-BA2EA22FB341}.Debug|TwinCAT CE7 (ARMV7).ActiveCfg = Debug|TwinCAT CE7 (ARMV7)
		{349B1F2D-88AC-438B-8EAB-BA2EA22FB341}.Debug|TwinCAT CE7 (ARMV7).Build.0 = Debug|TwinCAT CE7 (ARMV7)
		{349B1F2D-88AC-438B-8EAB-BA2EA22FB341}.Debug|TwinCAT OS (ARMT2).ActiveCfg = Debug|TwinCAT OS (ARMT2)
		{349B1F2D-88AC-438B-8EAB-BA2EA22FB341}.Debug|TwinCAT OS (ARMT2).Build.0 = Debug|TwinCAT OS (ARMT2)
		{349B1F2D-88AC-438B-8EAB-BA2EA22FB341}.Debug|TwinCAT RT (x64).ActiveCfg = Debug|TwinCAT RT (x64)
		{349B1F2D-88AC-438B-8EAB-BA2EA22FB341}.Debug|TwinCAT RT (x64).Build.0 = Debug|TwinCAT RT (x64)
		{349B1F2D-88AC-438B-8EAB-BA2EA22FB341}.Debug|TwinCAT RT (x86).ActiveCfg = Debug|TwinCAT RT (x86)
		{349B1F2D-88AC-438B-8EAB-BA2EA22FB341}.Debug|TwinCAT RT (x86).Build.0 = Debug|TwinCAT RT (x86)
		{349B1F2D-88AC-438B-8EAB-BA2EA22FB341}.Release|TwinCAT CE7 (ARMV7).ActiveCfg = Release|TwinCAT CE7 (ARMV7)
		{349B1F2D-88AC-438B-8EAB-BA2EA22FB341}.Release|TwinCAT CE7 (ARMV7).Build.0 = Release|TwinCAT CE7 (ARMV7)
		{349B1F2D-88AC-438B-8EAB-BA2EA22FB341}.Release|TwinCAT OS (ARMT2).ActiveCfg = Release|TwinCAT OS (ARMT2)
		{349B1F2D-88AC-438B-8EAB-BA2EA22FB341}.Release|TwinCAT OS (ARMT2).Build.0 = Release|TwinCAT OS (ARMT2)
		{349B1F2D-88AC-438B-8EAB-BA2EA22FB341}.Release|TwinCAT RT (x64).ActiveCfg = Release|TwinCAT RT (x64)
		{349B1F2D-88AC-438B-8EAB-BA2EA22FB341}.Release|TwinCAT RT (x64).Build.0 = Release|TwinCAT RT (x64)
		{349B1F2D-88AC-438B-8EAB-BA2EA22FB341}.Release|TwinCAT RT (x86).ActiveCfg = Release|TwinCAT RT (x86)
		{349B1F2D-88AC-438B-8EAB-BA2EA22FB341}.Release|TwinCAT RT (x86).Build.0 = Release|TwinCAT RT (x86)
	EndGlobalSection
	GlobalSection(SolutionProperties) = preSolution
		HideSolutionNode = FALSE
	EndGlobalSection
	GlobalSection(ExtensibilityGlobals) = postSolution
		SolutionGuid = {44313F7D-E16E-4C1B-B04C-EAD1EFB4001E}
	EndGlobalSection
EndGlobal
